
Microsoft Visual Studio Solution File, Format Version 12.00
# Visual Studio 14
VisualStudioVersion = 14.0.24720.0
MinimumVisualStudioVersion = 10.0.40219.1
Project("{FAE04EC0-301F-11D3-BF4B-00C04F79EFBC}") = "UserCountWithRedis", "UserCountWithRedis\UserCountWithRedis.csproj", "{CD246002-EC93-492B-A21D-319EBDABC565}"
EndProject
Project("{FAE04EC0-301F-11D3-BF4B-00C04F79EFBC}") = "RedisSqlService", "RedisSqlService\RedisSqlService.csproj", "{9C8D9D33-3BBE-488D-B140-B34036440BA5}"
EndProject
Global
	GlobalSection(SolutionConfigurationPlatforms) = preSolution
		Debug|Any CPU = Debug|Any CPU
		Release|Any CPU = Release|Any CPU
	EndGlobalSection
	GlobalSection(ProjectConfigurationPlatforms) = postSolution
		{CD246002-EC93-492B-A21D-319EBDABC565}.Debug|Any CPU.ActiveCfg = Debug|Any CPU
		{CD246002-EC93-492B-A21D-319EBDABC565}.Debug|Any CPU.Build.0 = Debug|Any CPU
		{CD246002-EC93-492B-A21D-319EBDABC565}.Release|Any CPU.ActiveCfg = Release|Any CPU
		{CD246002-EC93-492B-A21D-319EBDABC565}.Release|Any CPU.Build.0 = Release|Any CPU
		{9C8D9D33-3BBE-488D-B140-B34036440BA5}.Debug|Any CPU.ActiveCfg = Debug|Any CPU
		{9C8D9D33-3BBE-488D-B140-B34036440BA5}.Debug|Any CPU.Build.0 = Debug|Any CPU
		{9C8D9D33-3BBE-488D-B140-B34036440BA5}.Release|Any CPU.ActiveCfg = Release|Any CPU
		{9C8D9D33-3BBE-488D-B140-B34036440BA5}.Release|Any CPU.Build.0 = Release|Any CPU
	EndGlobalSection
	GlobalSection(SolutionProperties) = preSolution
		HideSolutionNode = FALSE
	EndGlobalSection
EndGlobal
